// !$*UTF8*$!
{
	archiveVersion = 1;
	classes = {
	};
	objectVersion = 52;
	objects = {

/* Begin PBXBuildFile section */
		08F4814B26EA499800FD6CD8 /* RealmSwift in Frameworks */ = {isa = PBXBuildFile; productRef = 08F4814A26EA499800FD6CD8 /* RealmSwift */; };
		08F4814D26EA499800FD6CD8 /* Realm in Frameworks */ = {isa = PBXBuildFile; productRef = 08F4814C26EA499800FD6CD8 /* Realm */; };
		08F5E8B726E8D5290018D1FB /* AppDelegate.swift in Sources */ = {isa = PBXBuildFile; fileRef = 08F5E8B626E8D5290018D1FB /* AppDelegate.swift */; };
		08F5E8B926E8D5290018D1FB /* SceneDelegate.swift in Sources */ = {isa = PBXBuildFile; fileRef = 08F5E8B826E8D5290018D1FB /* SceneDelegate.swift */; };
		08F5E8BB26E8D5290018D1FB /* ToDoListViewController.swift in Sources */ = {isa = PBXBuildFile; fileRef = 08F5E8BA26E8D5290018D1FB /* ToDoListViewController.swift */; };
		08F5E8BE26E8D5290018D1FB /* Main.storyboard in Resources */ = {isa = PBXBuildFile; fileRef = 08F5E8BC26E8D5290018D1FB /* Main.storyboard */; };
		08F5E8C026E8D52B0018D1FB /* Assets.xcassets in Resources */ = {isa = PBXBuildFile; fileRef = 08F5E8BF26E8D52B0018D1FB /* Assets.xcassets */; };
		08F5E8C326E8D52B0018D1FB /* LaunchScreen.storyboard in Resources */ = {isa = PBXBuildFile; fileRef = 08F5E8C126E8D52B0018D1FB /* LaunchScreen.storyboard */; };
		08F5E8CB26E8D6E80018D1FB /* ToDoItem.swift in Sources */ = {isa = PBXBuildFile; fileRef = 08F5E8CA26E8D6E80018D1FB /* ToDoItem.swift */; };
		08F5E8CD26E8DC950018D1FB /* ToDoDetailsViewController.swift in Sources */ = {isa = PBXBuildFile; fileRef = 08F5E8CC26E8DC950018D1FB /* ToDoDetailsViewController.swift */; };
		08F5E8CF26E8EFA40018D1FB /* AddTaskViewController.swift in Sources */ = {isa = PBXBuildFile; fileRef = 08F5E8CE26E8EFA40018D1FB /* AddTaskViewController.swift */; };
/* End PBXBuildFile section */

/* Begin PBXFileReference section */
		08F5E8B326E8D5290018D1FB /* TodoApp.app */ = {isa = PBXFileReference; explicitFileType = wrapper.application; includeInIndex = 0; path = TodoApp.app; sourceTree = BUILT_PRODUCTS_DIR; };
		08F5E8B626E8D5290018D1FB /* AppDelegate.swift */ = {isa = PBXFileReference; lastKnownFileType = sourcecode.swift; path = AppDelegate.swift; sourceTree = "<group>"; };
		08F5E8B826E8D5290018D1FB /* SceneDelegate.swift */ = {isa = PBXFileReference; lastKnownFileType = sourcecode.swift; path = SceneDelegate.swift; sourceTree = "<group>"; };
		08F5E8BA26E8D5290018D1FB /* ToDoListViewController.swift */ = {isa = PBXFileReference; lastKnownFileType = sourcecode.swift; path = ToDoListViewController.swift; sourceTree = "<group>"; };
		08F5E8BD26E8D5290018D1FB /* Base */ = {isa = PBXFileReference; lastKnownFileType = file.storyboard; name = Base; path = Base.lproj/Main.storyboard; sourceTree = "<group>"; };
		08F5E8BF26E8D52B0018D1FB /* Assets.xcassets */ = {isa = PBXFileReference; lastKnownFileType = folder.assetcatalog; path = Assets.xcassets; sourceTree = "<group>"; };
		08F5E8C226E8D52B0018D1FB /* Base */ = {isa = PBXFileReference; lastKnownFileType = file.storyboard; name = Base; path = Base.lproj/LaunchScreen.storyboard; sourceTree = "<group>"; };
		08F5E8C426E8D52B0018D1FB /* Info.plist */ = {isa = PBXFileReference; lastKnownFileType = text.plist.xml; path = Info.plist; sourceTree = "<group>"; };
		08F5E8CA26E8D6E80018D1FB /* ToDoItem.swift */ = {isa = PBXFileReference; lastKnownFileType = sourcecode.swift; path = ToDoItem.swift; sourceTree = "<group>"; };
		08F5E8CC26E8DC950018D1FB /* ToDoDetailsViewController.swift */ = {isa = PBXFileReference; fileEncoding = 4; lastKnownFileType = sourcecode.swift; path = ToDoDetailsViewController.swift; sourceTree = "<group>"; };
		08F5E8CE26E8EFA40018D1FB /* AddTaskViewController.swift */ = {isa = PBXFileReference; fileEncoding = 4; lastKnownFileType = sourcecode.swift; path = AddTaskViewController.swift; sourceTree = "<group>"; };
/* End PBXFileReference section */

/* Begin PBXFrameworksBuildPhase section */
		08F5E8B026E8D5290018D1FB /* Frameworks */ = {
			isa = PBXFrameworksBuildPhase;
			buildActionMask = 2147483647;
			files = (
				08F4814D26EA499800FD6CD8 /* Realm in Frameworks */,
				08F4814B26EA499800FD6CD8 /* RealmSwift in Frameworks */,
			);
			runOnlyForDeploymentPostprocessing = 0;
		};
/* End PBXFrameworksBuildPhase section */

/* Begin PBXGroup section */
		08F4814E26EA516500FD6CD8 /* ViewControllers */ = {
			isa = PBXGroup;
			children = (
				08F5E8BA26E8D5290018D1FB /* ToDoListViewController.swift */,
				08F5E8CE26E8EFA40018D1FB /* AddTaskViewController.swift */,
				08F5E8CC26E8DC950018D1FB /* ToDoDetailsViewController.swift */,
			);
			path = ViewControllers;
			sourceTree = "<group>";
		};
		08F4814F26EA517900FD6CD8 /* Model */ = {
			isa = PBXGroup;
			children = (
				08F5E8CA26E8D6E80018D1FB /* ToDoItem.swift */,
			);
			path = Model;
			sourceTree = "<group>";
		};
		08F5E8AA26E8D5290018D1FB = {
			isa = PBXGroup;
			children = (
				08F5E8B526E8D5290018D1FB /* TodoApp */,
				08F5E8B426E8D5290018D1FB /* Products */,
			);
			sourceTree = "<group>";
		};
		08F5E8B426E8D5290018D1FB /* Products */ = {
			isa = PBXGroup;
			children = (
				08F5E8B326E8D5290018D1FB /* TodoApp.app */,
			);
			name = Products;
			sourceTree = "<group>";
		};
		08F5E8B526E8D5290018D1FB /* TodoApp */ = {
			isa = PBXGroup;
			children = (
				08F4814F26EA517900FD6CD8 /* Model */,
				08F4814E26EA516500FD6CD8 /* ViewControllers */,
				08F5E8BC26E8D5290018D1FB /* Main.storyboard */,
				08F5E8BF26E8D52B0018D1FB /* Assets.xcassets */,
				08F5E8C126E8D52B0018D1FB /* LaunchScreen.storyboard */,
				08F5E8C426E8D52B0018D1FB /* Info.plist */,
				08F5E8B826E8D5290018D1FB /* SceneDelegate.swift */,
				08F5E8B626E8D5290018D1FB /* AppDelegate.swift */,
			);
			path = TodoApp;
			sourceTree = "<group>";
		};
/* End PBXGroup section */

/* Begin PBXNativeTarget section */
		08F5E8B226E8D5290018D1FB /* TodoApp */ = {
			isa = PBXNativeTarget;
			buildConfigurationList = 08F5E8C726E8D52B0018D1FB /* Build configuration list for PBXNativeTarget "TodoApp" */;
			buildPhases = (
				08F5E8AF26E8D5290018D1FB /* Sources */,
				08F5E8B026E8D5290018D1FB /* Frameworks */,
				08F5E8B126E8D5290018D1FB /* Resources */,
			);
			buildRules = (
			);
			dependencies = (
			);
			name = TodoApp;
			packageProductDependencies = (
				08F4814A26EA499800FD6CD8 /* RealmSwift */,
				08F4814C26EA499800FD6CD8 /* Realm */,
			);
			productName = TodoApp;
			productReference = 08F5E8B326E8D5290018D1FB /* TodoApp.app */;
			productType = "com.apple.product-type.application";
		};
/* End PBXNativeTarget section */

/* Begin PBXProject section */
		08F5E8AB26E8D5290018D1FB /* Project object */ = {
			isa = PBXProject;
			attributes = {
				LastSwiftUpdateCheck = 1250;
				LastUpgradeCheck = 1250;
				TargetAttributes = {
					08F5E8B226E8D5290018D1FB = {
						CreatedOnToolsVersion = 12.5.1;
					};
				};
			};
			buildConfigurationList = 08F5E8AE26E8D5290018D1FB /* Build configuration list for PBXProject "TodoApp" */;
			compatibilityVersion = "Xcode 9.3";
			developmentRegion = en;
			hasScannedForEncodings = 0;
			knownRegions = (
				en,
				Base,
			);
			mainGroup = 08F5E8AA26E8D5290018D1FB;
			packageReferences = (
				08F4814926EA499800FD6CD8 /* XCRemoteSwiftPackageReference "realm-cocoa" */,
			);
			productRefGroup = 08F5E8B426E8D5290018D1FB /* Products */;
			projectDirPath = "";
			projectRoot = "";
			targets = (
				08F5E8B226E8D5290018D1FB /* TodoApp */,
			);
		};
/* End PBXProject section */

/* Begin PBXResourcesBuildPhase section */
		08F5E8B126E8D5290018D1FB /* Resources */ = {
			isa = PBXResourcesBuildPhase;
			buildActionMask = 2147483647;
			files = (
				08F5E8C326E8D52B0018D1FB /* LaunchScreen.storyboard in Resources */,
				08F5E8C026E8D52B0018D1FB /* Assets.xcassets in Resources */,
				08F5E8BE26E8D5290018D1FB /* Main.storyboard in Resources */,
			);
			runOnlyForDeploymentPostprocessing = 0;
		};
/* End PBXResourcesBuildPhase section */

/* Begin PBXSourcesBuildPhase section */
		08F5E8AF26E8D5290018D1FB /* Sources */ = {
			isa = PBXSourcesBuildPhase;
			buildActionMask = 2147483647;
			files = (
				08F5E8CB26E8D6E80018D1FB /* ToDoItem.swift in Sources */,
				08F5E8CF26E8EFA40018D1FB /* AddTaskViewController.swift in Sources */,
				08F5E8BB26E8D5290018D1FB /* ToDoListViewController.swift in Sources */,
				08F5E8CD26E8DC950018D1FB /* ToDoDetailsViewController.swift in Sources */,
				08F5E8B726E8D5290018D1FB /* AppDelegate.swift in Sources */,
				08F5E8B926E8D5290018D1FB /* SceneDelegate.swift in Sources */,
			);
			runOnlyForDeploymentPostprocessing = 0;
		};
/* End PBXSourcesBuildPhase section */

/* Begin PBXVariantGroup section */
		08F5E8BC26E8D5290018D1FB /* Main.storyboard */ = {
			isa = PBXVariantGroup;
			children = (
				08F5E8BD26E8D5290018D1FB /* Base */,
			);
			name = Main.storyboard;
			sourceTree = "<group>";
		};
		08F5E8C126E8D52B0018D1FB /* LaunchScreen.storyboard */ = {
			isa = PBXVariantGroup;
			children = (
				08F5E8C226E8D52B0018D1FB /* Base */,
			);
			name = LaunchScreen.storyboard;
			sourceTree = "<group>";
		};
/* End PBXVariantGroup section */

/* Begin XCBuildConfiguration section */
		08F5E8C526E8D52B0018D1FB /* Debug */ = {
			isa = XCBuildConfiguration;
			buildSettings = {
				ALWAYS_SEARCH_USER_PATHS = NO;
				CLANG_ANALYZER_NONNULL = YES;
				CLANG_ANALYZER_NUMBER_OBJECT_CONVERSION = YES_AGGRESSIVE;
				CLANG_CXX_LANGUAGE_STANDARD = "gnu++14";
				CLANG_CXX_LIBRARY = "libc++";
				CLANG_ENABLE_MODULES = YES;
				CLANG_ENABLE_OBJC_ARC = YES;
				CLANG_ENABLE_OBJC_WEAK = YES;
				CLANG_WARN_BLOCK_CAPTURE_AUTORELEASING = YES;
				CLANG_WARN_BOOL_CONVERSION = YES;
				CLANG_WARN_COMMA = YES;
				CLANG_WARN_CONSTANT_CONVERSION = YES;
				CLANG_WARN_DEPRECATED_OBJC_IMPLEMENTATIONS = YES;
				CLANG_WARN_DIRECT_OBJC_ISA_USAGE = YES_ERROR;
				CLANG_WARN_DOCUMENTATION_COMMENTS = YES;
				CLANG_WARN_EMPTY_BODY = YES;
				CLANG_WARN_ENUM_CONVERSION = YES;
				CLANG_WARN_INFINITE_RECURSION = YES;
				CLANG_WARN_INT_CONVERSION = YES;
				CLANG_WARN_NON_LITERAL_NULL_CONVERSION = YES;
				CLANG_WARN_OBJC_IMPLICIT_RETAIN_SELF = YES;
				CLANG_WARN_OBJC_LITERAL_CONVERSION = YES;
				CLANG_WARN_OBJC_ROOT_CLASS = YES_ERROR;
				CLANG_WARN_QUOTED_INCLUDE_IN_FRAMEWORK_HEADER = YES;
				CLANG_WARN_RANGE_LOOP_ANALYSIS = YES;
				CLANG_WARN_STRICT_PROTOTYPES = YES;
				CLANG_WARN_SUSPICIOUS_MOVE = YES;
				CLANG_WARN_UNGUARDED_AVAILABILITY = YES_AGGRESSIVE;
				CLANG_WARN_UNREACHABLE_CODE = YES;
				CLANG_WARN__DUPLICATE_METHOD_MATCH = YES;
				COPY_PHASE_STRIP = NO;
				DEBUG_INFORMATION_FORMAT = dwarf;
				ENABLE_STRICT_OBJC_MSGSEND = YES;
				ENABLE_TESTABILITY = YES;
				GCC_C_LANGUAGE_STANDARD = gnu11;
				GCC_DYNAMIC_NO_PIC = NO;
				GCC_NO_COMMON_BLOCKS = YES;
				GCC_OPTIMIZATION_LEVEL = 0;
				GCC_PREPROCESSOR_DEFINITIONS = (
					"DEBUG=1",
					"$(inherited)",
				);
				GCC_WARN_64_TO_32_BIT_CONVERSION = YES;
				GCC_WARN_ABOUT_RETURN_TYPE = YES_ERROR;
				GCC_WARN_UNDECLARED_SELECTOR = YES;
				GCC_WARN_UNINITIALIZED_AUTOS = YES_AGGRESSIVE;
				GCC_WARN_UNUSED_FUNCTION = YES;
				GCC_WARN_UNUSED_VARIABLE = YES;
				IPHONEOS_DEPLOYMENT_TARGET = 14.5;
				MTL_ENABLE_DEBUG_INFO = INCLUDE_SOURCE;
				MTL_FAST_MATH = YES;
				ONLY_ACTIVE_ARCH = YES;
				SDKROOT = iphoneos;
				SWIFT_ACTIVE_COMPILATION_CONDITIONS = DEBUG;
				SWIFT_OPTIMIZATION_LEVEL = "-Onone";
			};
			name = Debug;
		};
		08F5E8C626E8D52B0018D1FB /* Release */ = {
			isa = XCBuildConfiguration;
			buildSettings = {
				ALWAYS_SEARCH_USER_PATHS = NO;
				CLANG_ANALYZER_NONNULL = YES;
				CLANG_ANALYZER_NUMBER_OBJECT_CONVERSION = YES_AGGRESSIVE;
				CLANG_CXX_LANGUAGE_STANDARD = "gnu++14";
				CLANG_CXX_LIBRARY = "libc++";
				CLANG_ENABLE_MODULES = YES;
				CLANG_ENABLE_OBJC_ARC = YES;
				CLANG_ENABLE_OBJC_WEAK = YES;
				CLANG_WARN_BLOCK_CAPTURE_AUTORELEASING = YES;
				CLANG_WARN_BOOL_CONVERSION = YES;
				CLANG_WARN_COMMA = YES;
				CLANG_WARN_CONSTANT_CONVERSION = YES;
				CLANG_WARN_DEPRECATED_OBJC_IMPLEMENTATIONS = YES;
				CLANG_WARN_DIRECT_OBJC_ISA_USAGE = YES_ERROR;
				CLANG_WARN_DOCUMENTATION_COMMENTS = YES;
				CLANG_WARN_EMPTY_BODY = YES;
				CLANG_WARN_ENUM_CONVERSION = YES;
				CLANG_WARN_INFINITE_RECURSION = YES;
				CLANG_WARN_INT_CONVERSION = YES;
				CLANG_WARN_NON_LITERAL_NULL_CONVERSION = YES;
				CLANG_WARN_OBJC_IMPLICIT_RETAIN_SELF = YES;
				CLANG_WARN_OBJC_LITERAL_CONVERSION = YES;
				CLANG_WARN_OBJC_ROOT_CLASS = YES_ERROR;
				CLANG_WARN_QUOTED_INCLUDE_IN_FRAMEWORK_HEADER = YES;
				CLANG_WARN_RANGE_LOOP_ANALYSIS = YES;
				CLANG_WARN_STRICT_PROTOTYPES = YES;
				CLANG_WARN_SUSPICIOUS_MOVE = YES;
				CLANG_WARN_UNGUARDED_AVAILABILITY = YES_AGGRESSIVE;
				CLANG_WARN_UNREACHABLE_CODE = YES;
				CLANG_WARN__DUPLICATE_METHOD_MATCH = YES;
				COPY_PHASE_STRIP = NO;
				DEBUG_INFORMATION_FORMAT = "dwarf-with-dsym";
				ENABLE_NS_ASSERTIONS = NO;
				ENABLE_STRICT_OBJC_MSGSEND = YES;
				GCC_C_LANGUAGE_STANDARD = gnu11;
				GCC_NO_COMMON_BLOCKS = YES;
				GCC_WARN_64_TO_32_BIT_CONVERSION = YES;
				GCC_WARN_ABOUT_RETURN_TYPE = YES_ERROR;
				GCC_WARN_UNDECLARED_SELECTOR = YES;
				GCC_WARN_UNINITIALIZED_AUTOS = YES_AGGRESSIVE;
				GCC_WARN_UNUSED_FUNCTION = YES;
				GCC_WARN_UNUSED_VARIABLE = YES;
				IPHONEOS_DEPLOYMENT_TARGET = 14.5;
				MTL_ENABLE_DEBUG_INFO = NO;
				MTL_FAST_MATH = YES;
				SDKROOT = iphoneos;
				SWIFT_COMPILATION_MODE = wholemodule;
				SWIFT_OPTIMIZATION_LEVEL = "-O";
				VALIDATE_PRODUCT = YES;
			};
			name = Release;
		};
		08F5E8C826E8D52B0018D1FB /* Debug */ = {
			isa = XCBuildConfiguration;
			buildSettings = {
				ASSETCATALOG_COMPILER_APPICON_NAME = AppIcon;
				ASSETCATALOG_COMPILER_GLOBAL_ACCENT_COLOR_NAME = AccentColor;
				CODE_SIGN_STYLE = Automatic;
				DEVELOPMENT_TEAM = QQ5FDJWTRX;
				INFOPLIST_FILE = TodoApp/Info.plist;
				LD_RUNPATH_SEARCH_PATHS = (
					"$(inherited)",
					"@executable_path/Frameworks",
				);
				PRODUCT_BUNDLE_IDENTIFIER = ru.windwail.TodoApp;
				PRODUCT_NAME = "$(TARGET_NAME)";
				SWIFT_VERSION = 5.0;
				TARGETED_DEVICE_FAMILY = "1,2";
			};
			name = Debug;
		};
		08F5E8C926E8D52B0018D1FB /* Release */ = {
			isa = XCBuildConfiguration;
			buildSettings = {
				ASSETCATALOG_COMPILER_APPICON_NAME = AppIcon;
				ASSETCATALOG_COMPILER_GLOBAL_ACCENT_COLOR_NAME = AccentColor;
				CODE_SIGN_STYLE = Automatic;
				DEVELOPMENT_TEAM = QQ5FDJWTRX;
				INFOPLIST_FILE = TodoApp/Info.plist;
				LD_RUNPATH_SEARCH_PATHS = (
					"$(inherited)",
					"@executable_path/Frameworks",
				);
				PRODUCT_BUNDLE_IDENTIFIER = ru.windwail.TodoApp;
				PRODUCT_NAME = "$(TARGET_NAME)";
				SWIFT_VERSION = 5.0;
				TARGETED_DEVICE_FAMILY = "1,2";
			};
			name = Release;
		};
/* End XCBuildConfiguration section */

/* Begin XCConfigurationList section */
		08F5E8AE26E8D5290018D1FB /* Build configuration list for PBXProject "TodoApp" */ = {
			isa = XCConfigurationList;
			buildConfigurations = (
				08F5E8C526E8D52B0018D1FB /* Debug */,
				08F5E8C626E8D52B0018D1FB /* Release */,
			);
			defaultConfigurationIsVisible = 0;
			defaultConfigurationName = Release;
		};
		08F5E8C726E8D52B0018D1FB /* Build configuration list for PBXNativeTarget "TodoApp" */ = {
			isa = XCConfigurationList;
			buildConfigurations = (
				08F5E8C826E8D52B0018D1FB /* Debug */,
				08F5E8C926E8D52B0018D1FB /* Release */,
			);
			defaultConfigurationIsVisible = 0;
			defaultConfigurationName = Release;
		};
/* End XCConfigurationList section */

/* Begin XCRemoteSwiftPackageReference section */
		08F4814926EA499800FD6CD8 /* XCRemoteSwiftPackageReference "realm-cocoa" */ = {
			isa = XCRemoteSwiftPackageReference;
			repositoryURL = "https://github.com/realm/realm-cocoa.git";
			requirement = {
				kind = upToNextMajorVersion;
				minimumVersion = 10.14.0;
			};
		};
/* End XCRemoteSwiftPackageReference section */

/* Begin XCSwiftPackageProductDependency section */
		08F4814A26EA499800FD6CD8 /* RealmSwift */ = {
			isa = XCSwiftPackageProductDependency;
			package = 08F4814926EA499800FD6CD8 /* XCRemoteSwiftPackageReference "realm-cocoa" */;
			productName = RealmSwift;
		};
		08F4814C26EA499800FD6CD8 /* Realm */ = {
			isa = XCSwiftPackageProductDependency;
			package = 08F4814926EA499800FD6CD8 /* XCRemoteSwiftPackageReference "realm-cocoa" */;
			productName = Realm;
		};
/* End XCSwiftPackageProductDependency section */
	};
	rootObject = 08F5E8AB26E8D5290018D1FB /* Project object */;
}
